// !$*UTF8*$!
{
	archiveVersion = 1;
	classes = {
	};
	objectVersion = 46;
	objects = {

/* Begin PBXBuildFile section */
		3D1A581B195CC05D00D13708 /* AppDelegate.swift in Sources */ = {isa = PBXBuildFile; fileRef = 3D1A581A195CC05D00D13708 /* AppDelegate.swift */; };
		3D1A581D195CC05D00D13708 /* ViewController.swift in Sources */ = {isa = PBXBuildFile; fileRef = 3D1A581C195CC05D00D13708 /* ViewController.swift */; };
		3D1A5820195CC05D00D13708 /* Main.storyboard in Resources */ = {isa = PBXBuildFile; fileRef = 3D1A581E195CC05D00D13708 /* Main.storyboard */; };
		3D1A5822195CC05D00D13708 /* Images.xcassets in Resources */ = {isa = PBXBuildFile; fileRef = 3D1A5821195CC05D00D13708 /* Images.xcassets */; };
		3D1A582E195CC05D00D13708 /* PubNub_Data_Stream_TutorialTests.swift in Sources */ = {isa = PBXBuildFile; fileRef = 3D1A582D195CC05D00D13708 /* PubNub_Data_Stream_TutorialTests.swift */; };
		3D47F70B19623C2200037851 /* Foundation.framework in Frameworks */ = {isa = PBXBuildFile; fileRef = 3D47F70919623B9700037851 /* Foundation.framework */; };
		3D47F70F19623C3600037851 /* CFNetwork.framework in Frameworks */ = {isa = PBXBuildFile; fileRef = 3D47F70E19623C3600037851 /* CFNetwork.framework */; };
		96267EF5A4A148BCB75E22EC /* libPods.a in Frameworks */ = {isa = PBXBuildFile; fileRef = B868FF9D3A834FD9A5B7DDD4 /* libPods.a */; };
/* End PBXBuildFile section */

/* Begin PBXContainerItemProxy section */
		3D1A5828195CC05D00D13708 /* PBXContainerItemProxy */ = {
			isa = PBXContainerItemProxy;
			containerPortal = 3D1A580D195CC05D00D13708 /* Project object */;
			proxyType = 1;
			remoteGlobalIDString = 3D1A5814195CC05D00D13708;
			remoteInfo = "PubNub Data Stream Tutorial";
		};
/* End PBXContainerItemProxy section */

/* Begin PBXFileReference section */
		3D1A5815195CC05D00D13708 /* PubNubAPNsTutorial.app */ = {isa = PBXFileReference; explicitFileType = wrapper.application; includeInIndex = 0; path = PubNubAPNsTutorial.app; sourceTree = BUILT_PRODUCTS_DIR; };
		3D1A5819195CC05D00D13708 /* Info.plist */ = {isa = PBXFileReference; lastKnownFileType = text.plist.xml; path = Info.plist; sourceTree = "<group>"; };
		3D1A581A195CC05D00D13708 /* AppDelegate.swift */ = {isa = PBXFileReference; explicitFileType = sourcecode.swift; path = AppDelegate.swift; sourceTree = "<group>"; };
		3D1A581C195CC05D00D13708 /* ViewController.swift */ = {isa = PBXFileReference; lastKnownFileType = sourcecode.swift; path = ViewController.swift; sourceTree = "<group>"; };
		3D1A581F195CC05D00D13708 /* Base */ = {isa = PBXFileReference; lastKnownFileType = file.storyboard; name = Base; path = Base.lproj/Main.storyboard; sourceTree = "<group>"; };
		3D1A5821195CC05D00D13708 /* Images.xcassets */ = {isa = PBXFileReference; lastKnownFileType = folder.assetcatalog; path = Images.xcassets; sourceTree = "<group>"; };
		3D1A5827195CC05D00D13708 /* PubNubAPNsTutorialTests.xctest */ = {isa = PBXFileReference; explicitFileType = wrapper.cfbundle; includeInIndex = 0; path = PubNubAPNsTutorialTests.xctest; sourceTree = BUILT_PRODUCTS_DIR; };
		3D1A582C195CC05D00D13708 /* Info.plist */ = {isa = PBXFileReference; lastKnownFileType = text.plist.xml; path = Info.plist; sourceTree = "<group>"; };
		3D1A582D195CC05D00D13708 /* PubNub_Data_Stream_TutorialTests.swift */ = {isa = PBXFileReference; lastKnownFileType = sourcecode.swift; path = PubNub_Data_Stream_TutorialTests.swift; sourceTree = "<group>"; };
		3D1A5837195CCFE400D13708 /* BridgingHeader.h */ = {isa = PBXFileReference; lastKnownFileType = sourcecode.c.h; path = BridgingHeader.h; sourceTree = "<group>"; };
		3D47F70919623B9700037851 /* Foundation.framework */ = {isa = PBXFileReference; lastKnownFileType = wrapper.framework; name = Foundation.framework; path = System/Library/Frameworks/Foundation.framework; sourceTree = SDKROOT; };
		3D47F70C19623C2B00037851 /* CoreFoundation.framework */ = {isa = PBXFileReference; lastKnownFileType = wrapper.framework; name = CoreFoundation.framework; path = System/Library/Frameworks/CoreFoundation.framework; sourceTree = SDKROOT; };
		3D47F70E19623C3600037851 /* CFNetwork.framework */ = {isa = PBXFileReference; lastKnownFileType = wrapper.framework; name = CFNetwork.framework; path = System/Library/Frameworks/CFNetwork.framework; sourceTree = SDKROOT; };
		4B875D51E43D4FB3ADA94654 /* Pods.xcconfig */ = {isa = PBXFileReference; includeInIndex = 1; lastKnownFileType = text.xcconfig; name = Pods.xcconfig; path = Pods/Pods.xcconfig; sourceTree = "<group>"; };
		B868FF9D3A834FD9A5B7DDD4 /* libPods.a */ = {isa = PBXFileReference; explicitFileType = archive.ar; includeInIndex = 0; path = libPods.a; sourceTree = BUILT_PRODUCTS_DIR; };
/* End PBXFileReference section */

/* Begin PBXFrameworksBuildPhase section */
		3D1A5812195CC05D00D13708 /* Frameworks */ = {
			isa = PBXFrameworksBuildPhase;
			buildActionMask = 2147483647;
			files = (
				3D47F70F19623C3600037851 /* CFNetwork.framework in Frameworks */,
				3D47F70B19623C2200037851 /* Foundation.framework in Frameworks */,
				96267EF5A4A148BCB75E22EC /* libPods.a in Frameworks */,
			);
			runOnlyForDeploymentPostprocessing = 0;
		};
		3D1A5824195CC05D00D13708 /* Frameworks */ = {
			isa = PBXFrameworksBuildPhase;
			buildActionMask = 2147483647;
			files = (
			);
			runOnlyForDeploymentPostprocessing = 0;
		};
/* End PBXFrameworksBuildPhase section */

/* Begin PBXGroup section */
		2C41D051E04F4A9FA1C190EC /* Frameworks */ = {
			isa = PBXGroup;
			children = (
				3D47F70E19623C3600037851 /* CFNetwork.framework */,
				3D47F70C19623C2B00037851 /* CoreFoundation.framework */,
				3D47F70919623B9700037851 /* Foundation.framework */,
				B868FF9D3A834FD9A5B7DDD4 /* libPods.a */,
			);
			name = Frameworks;
			sourceTree = "<group>";
		};
		3D1A580C195CC05D00D13708 = {
			isa = PBXGroup;
			children = (
				3D1A5817195CC05D00D13708 /* PubNubAPNsTutorial */,
				3D1A582A195CC05D00D13708 /* PubNubAPNsTutorialTests */,
				3D1A5816195CC05D00D13708 /* Products */,
				4B875D51E43D4FB3ADA94654 /* Pods.xcconfig */,
				2C41D051E04F4A9FA1C190EC /* Frameworks */,
			);
			sourceTree = "<group>";
		};
		3D1A5816195CC05D00D13708 /* Products */ = {
			isa = PBXGroup;
			children = (
				3D1A5815195CC05D00D13708 /* PubNubAPNsTutorial.app */,
				3D1A5827195CC05D00D13708 /* PubNubAPNsTutorialTests.xctest */,
			);
			name = Products;
			sourceTree = "<group>";
		};
		3D1A5817195CC05D00D13708 /* PubNubAPNsTutorial */ = {
			isa = PBXGroup;
			children = (
				3D1A581A195CC05D00D13708 /* AppDelegate.swift */,
				3D1A581C195CC05D00D13708 /* ViewController.swift */,
				3D1A5837195CCFE400D13708 /* BridgingHeader.h */,
				3D1A581E195CC05D00D13708 /* Main.storyboard */,
				3D1A5821195CC05D00D13708 /* Images.xcassets */,
				3D1A5818195CC05D00D13708 /* Supporting Files */,
			);
			path = PubNubAPNsTutorial;
			sourceTree = "<group>";
		};
		3D1A5818195CC05D00D13708 /* Supporting Files */ = {
			isa = PBXGroup;
			children = (
				3D1A5819195CC05D00D13708 /* Info.plist */,
			);
			name = "Supporting Files";
			sourceTree = "<group>";
		};
		3D1A582A195CC05D00D13708 /* PubNubAPNsTutorialTests */ = {
			isa = PBXGroup;
			children = (
				3D1A582D195CC05D00D13708 /* PubNub_Data_Stream_TutorialTests.swift */,
				3D1A582B195CC05D00D13708 /* Supporting Files */,
			);
			path = PubNubAPNsTutorialTests;
			sourceTree = "<group>";
		};
		3D1A582B195CC05D00D13708 /* Supporting Files */ = {
			isa = PBXGroup;
			children = (
				3D1A582C195CC05D00D13708 /* Info.plist */,
			);
			name = "Supporting Files";
			sourceTree = "<group>";
		};
/* End PBXGroup section */

/* Begin PBXNativeTarget section */
		3D1A5814195CC05D00D13708 /* PubNubAPNsTutorial */ = {
			isa = PBXNativeTarget;
			buildConfigurationList = 3D1A5831195CC05D00D13708 /* Build configuration list for PBXNativeTarget "PubNubAPNsTutorial" */;
			buildPhases = (
				0458F07B4C21490C88E0C95D /* Check Pods Manifest.lock */,
				3D1A5811195CC05D00D13708 /* Sources */,
				3D1A5812195CC05D00D13708 /* Frameworks */,
				3D1A5813195CC05D00D13708 /* Resources */,
				AA4931374DE9436AAD37559F /* Copy Pods Resources */,
			);
			buildRules = (
			);
			dependencies = (
			);
			name = PubNubAPNsTutorial;
			productName = "PubNub Data Stream Tutorial";
			productReference = 3D1A5815195CC05D00D13708 /* PubNubAPNsTutorial.app */;
			productType = "com.apple.product-type.application";
		};
		3D1A5826195CC05D00D13708 /* PubNubAPNsTutorialTests */ = {
			isa = PBXNativeTarget;
			buildConfigurationList = 3D1A5834195CC05D00D13708 /* Build configuration list for PBXNativeTarget "PubNubAPNsTutorialTests" */;
			buildPhases = (
				3D1A5823195CC05D00D13708 /* Sources */,
				3D1A5824195CC05D00D13708 /* Frameworks */,
				3D1A5825195CC05D00D13708 /* Resources */,
			);
			buildRules = (
			);
			dependencies = (
				3D1A5829195CC05D00D13708 /* PBXTargetDependency */,
			);
			name = PubNubAPNsTutorialTests;
			productName = "PubNub Data Stream TutorialTests";
			productReference = 3D1A5827195CC05D00D13708 /* PubNubAPNsTutorialTests.xctest */;
			productType = "com.apple.product-type.bundle.unit-test";
		};
/* End PBXNativeTarget section */

/* Begin PBXProject section */
		3D1A580D195CC05D00D13708 /* Project object */ = {
			isa = PBXProject;
			attributes = {
				LastUpgradeCheck = 0600;
				ORGANIZATIONNAME = PubNub;
				TargetAttributes = {
					3D1A5814195CC05D00D13708 = {
						CreatedOnToolsVersion = 6.0;
						DevelopmentTeam = Y9X42V6EK7;
					};
					3D1A5826195CC05D00D13708 = {
						CreatedOnToolsVersion = 6.0;
						TestTargetID = 3D1A5814195CC05D00D13708;
					};
				};
			};
			buildConfigurationList = 3D1A5810195CC05D00D13708 /* Build configuration list for PBXProject "PubNubAPNsTutorial" */;
			compatibilityVersion = "Xcode 3.2";
			developmentRegion = English;
			hasScannedForEncodings = 0;
			knownRegions = (
				en,
				Base,
			);
			mainGroup = 3D1A580C195CC05D00D13708;
			productRefGroup = 3D1A5816195CC05D00D13708 /* Products */;
			projectDirPath = "";
			projectRoot = "";
			targets = (
				3D1A5814195CC05D00D13708 /* PubNubAPNsTutorial */,
				3D1A5826195CC05D00D13708 /* PubNubAPNsTutorialTests */,
			);
		};
/* End PBXProject section */

/* Begin PBXResourcesBuildPhase section */
		3D1A5813195CC05D00D13708 /* Resources */ = {
			isa = PBXResourcesBuildPhase;
			buildActionMask = 2147483647;
			files = (
				3D1A5820195CC05D00D13708 /* Main.storyboard in Resources */,
				3D1A5822195CC05D00D13708 /* Images.xcassets in Resources */,
			);
			runOnlyForDeploymentPostprocessing = 0;
		};
		3D1A5825195CC05D00D13708 /* Resources */ = {
			isa = PBXResourcesBuildPhase;
			buildActionMask = 2147483647;
			files = (
			);
			runOnlyForDeploymentPostprocessing = 0;
		};
/* End PBXResourcesBuildPhase section */

/* Begin PBXShellScriptBuildPhase section */
		0458F07B4C21490C88E0C95D /* Check Pods Manifest.lock */ = {
			isa = PBXShellScriptBuildPhase;
			buildActionMask = 2147483647;
			files = (
			);
			inputPaths = (
			);
			name = "Check Pods Manifest.lock";
			outputPaths = (
			);
			runOnlyForDeploymentPostprocessing = 0;
			shellPath = /bin/sh;
			shellScript = "diff \"${PODS_ROOT}/../Podfile.lock\" \"${PODS_ROOT}/Manifest.lock\" > /dev/null\nif [[ $? != 0 ]] ; then\n    cat << EOM\nerror: The sandbox is not in sync with the Podfile.lock. Run 'pod install' or update your CocoaPods installation.\nEOM\n    exit 1\nfi\n";
			showEnvVarsInLog = 0;
		};
		AA4931374DE9436AAD37559F /* Copy Pods Resources */ = {
			isa = PBXShellScriptBuildPhase;
			buildActionMask = 2147483647;
			files = (
			);
			inputPaths = (
			);
			name = "Copy Pods Resources";
			outputPaths = (
			);
			runOnlyForDeploymentPostprocessing = 0;
			shellPath = /bin/sh;
			shellScript = "\"${SRCROOT}/Pods/Pods-resources.sh\"\n";
			showEnvVarsInLog = 0;
		};
/* End PBXShellScriptBuildPhase section */

/* Begin PBXSourcesBuildPhase section */
		3D1A5811195CC05D00D13708 /* Sources */ = {
			isa = PBXSourcesBuildPhase;
			buildActionMask = 2147483647;
			files = (
				3D1A581D195CC05D00D13708 /* ViewController.swift in Sources */,
				3D1A581B195CC05D00D13708 /* AppDelegate.swift in Sources */,
			);
			runOnlyForDeploymentPostprocessing = 0;
		};
		3D1A5823195CC05D00D13708 /* Sources */ = {
			isa = PBXSourcesBuildPhase;
			buildActionMask = 2147483647;
			files = (
				3D1A582E195CC05D00D13708 /* PubNub_Data_Stream_TutorialTests.swift in Sources */,
			);
			runOnlyForDeploymentPostprocessing = 0;
		};
/* End PBXSourcesBuildPhase section */

/* Begin PBXTargetDependency section */
		3D1A5829195CC05D00D13708 /* PBXTargetDependency */ = {
			isa = PBXTargetDependency;
			target = 3D1A5814195CC05D00D13708 /* PubNubAPNsTutorial */;
			targetProxy = 3D1A5828195CC05D00D13708 /* PBXContainerItemProxy */;
		};
/* End PBXTargetDependency section */

/* Begin PBXVariantGroup section */
		3D1A581E195CC05D00D13708 /* Main.storyboard */ = {
			isa = PBXVariantGroup;
			children = (
				3D1A581F195CC05D00D13708 /* Base */,
			);
			name = Main.storyboard;
			sourceTree = "<group>";
		};
/* End PBXVariantGroup section */

/* Begin XCBuildConfiguration section */
		3D1A582F195CC05D00D13708 /* Debug */ = {
			isa = XCBuildConfiguration;
			buildSettings = {
				ALWAYS_SEARCH_USER_PATHS = NO;
				CLANG_CXX_LANGUAGE_STANDARD = "gnu++0x";
				CLANG_CXX_LIBRARY = "libc++";
				CLANG_ENABLE_MODULES = YES;
				CLANG_ENABLE_OBJC_ARC = YES;
				CLANG_WARN_BOOL_CONVERSION = YES;
				CLANG_WARN_CONSTANT_CONVERSION = YES;
				CLANG_WARN_DIRECT_OBJC_ISA_USAGE = YES_ERROR;
				CLANG_WARN_EMPTY_BODY = YES;
				CLANG_WARN_ENUM_CONVERSION = YES;
				CLANG_WARN_INT_CONVERSION = YES;
				CLANG_WARN_OBJC_ROOT_CLASS = YES_ERROR;
				CLANG_WARN_UNREACHABLE_CODE = YES;
				CLANG_WARN__DUPLICATE_METHOD_MATCH = YES;
				"CODE_SIGN_IDENTITY[sdk=iphoneos*]" = "iPhone Developer";
				COPY_PHASE_STRIP = NO;
				ENABLE_STRICT_OBJC_MSGSEND = YES;
				GCC_C_LANGUAGE_STANDARD = gnu99;
				GCC_DYNAMIC_NO_PIC = NO;
				GCC_OPTIMIZATION_LEVEL = 0;
				GCC_PREPROCESSOR_DEFINITIONS = (
					"DEBUG=1",
					"$(inherited)",
				);
				GCC_SYMBOLS_PRIVATE_EXTERN = NO;
				GCC_WARN_64_TO_32_BIT_CONVERSION = YES;
				GCC_WARN_ABOUT_RETURN_TYPE = YES_ERROR;
				GCC_WARN_UNDECLARED_SELECTOR = YES;
				GCC_WARN_UNINITIALIZED_AUTOS = YES_AGGRESSIVE;
				GCC_WARN_UNUSED_FUNCTION = YES;
				GCC_WARN_UNUSED_VARIABLE = YES;
				IPHONEOS_DEPLOYMENT_TARGET = 8.0;
				METAL_ENABLE_DEBUG_INFO = YES;
				ONLY_ACTIVE_ARCH = YES;
				SDKROOT = iphoneos;
				SWIFT_OPTIMIZATION_LEVEL = "-Onone";
			};
			name = Debug;
		};
		3D1A5830195CC05D00D13708 /* Release */ = {
			isa = XCBuildConfiguration;
			buildSettings = {
				ALWAYS_SEARCH_USER_PATHS = NO;
				CLANG_CXX_LANGUAGE_STANDARD = "gnu++0x";
				CLANG_CXX_LIBRARY = "libc++";
				CLANG_ENABLE_MODULES = YES;
				CLANG_ENABLE_OBJC_ARC = YES;
				CLANG_WARN_BOOL_CONVERSION = YES;
				CLANG_WARN_CONSTANT_CONVERSION = YES;
				CLANG_WARN_DIRECT_OBJC_ISA_USAGE = YES_ERROR;
				CLANG_WARN_EMPTY_BODY = YES;
				CLANG_WARN_ENUM_CONVERSION = YES;
				CLANG_WARN_INT_CONVERSION = YES;
				CLANG_WARN_OBJC_ROOT_CLASS = YES_ERROR;
				CLANG_WARN_UNREACHABLE_CODE = YES;
				CLANG_WARN__DUPLICATE_METHOD_MATCH = YES;
				"CODE_SIGN_IDENTITY[sdk=iphoneos*]" = "iPhone Developer";
				COPY_PHASE_STRIP = YES;
				ENABLE_NS_ASSERTIONS = NO;
				ENABLE_STRICT_OBJC_MSGSEND = YES;
				GCC_C_LANGUAGE_STANDARD = gnu99;
				GCC_WARN_64_TO_32_BIT_CONVERSION = YES;
				GCC_WARN_ABOUT_RETURN_TYPE = YES_ERROR;
				GCC_WARN_UNDECLARED_SELECTOR = YES;
				GCC_WARN_UNINITIALIZED_AUTOS = YES_AGGRESSIVE;
				GCC_WARN_UNUSED_FUNCTION = YES;
				GCC_WARN_UNUSED_VARIABLE = YES;
				IPHONEOS_DEPLOYMENT_TARGET = 8.0;
				METAL_ENABLE_DEBUG_INFO = NO;
				SDKROOT = iphoneos;
				VALIDATE_PRODUCT = YES;
			};
			name = Release;
		};
		3D1A5832195CC05D00D13708 /* Debug */ = {
			isa = XCBuildConfiguration;
			baseConfigurationReference = 4B875D51E43D4FB3ADA94654 /* Pods.xcconfig */;
			buildSettings = {
				ARCHS = "$(ARCHS_STANDARD)";
				ASSETCATALOG_COMPILER_APPICON_NAME = AppIcon;
				ASSETCATALOG_COMPILER_LAUNCHIMAGE_NAME = LaunchImage;
				CODE_SIGN_IDENTITY = "iPhone Developer: Stephen Blum (4G3RZ3V94T)";
				"CODE_SIGN_IDENTITY[sdk=iphoneos*]" = "iPhone Developer: Stephen Blum (4G3RZ3V94T)";
				INFOPLIST_FILE = PubNubAPNsTutorial/Info.plist;
				IPHONEOS_DEPLOYMENT_TARGET = 7.1;
				LD_RUNPATH_SEARCH_PATHS = "$(inherited) @executable_path/Frameworks";
				ONLY_ACTIVE_ARCH = NO;
				PRODUCT_NAME = PubNubAPNsTutorial;
				PROVISIONING_PROFILE = "1C109C3B-0568-4551-99C5-F465E1A88B7E";
				SWIFT_OBJC_BRIDGING_HEADER = PubNubAPNsTutorial/BridgingHeader.h;
				VALID_ARCHS = "armv7 armv7s arm64";
			};
			name = Debug;
		};
		3D1A5833195CC05D00D13708 /* Release */ = {
			isa = XCBuildConfiguration;
			baseConfigurationReference = 4B875D51E43D4FB3ADA94654 /* Pods.xcconfig */;
			buildSettings = {
				ARCHS = "$(ARCHS_STANDARD)";
				ASSETCATALOG_COMPILER_APPICON_NAME = AppIcon;
				ASSETCATALOG_COMPILER_LAUNCHIMAGE_NAME = LaunchImage;
				CODE_SIGN_IDENTITY = "iPhone Developer: Stephen Blum (4G3RZ3V94T)";
				"CODE_SIGN_IDENTITY[sdk=iphoneos*]" = "iPhone Developer: Stephen Blum (4G3RZ3V94T)";
				INFOPLIST_FILE = PubNubAPNsTutorial/Info.plist;
				IPHONEOS_DEPLOYMENT_TARGET = 7.1;
				LD_RUNPATH_SEARCH_PATHS = "$(inherited) @executable_path/Frameworks";
				ONLY_ACTIVE_ARCH = NO;
				PRODUCT_NAME = PubNubAPNsTutorial;
				PROVISIONING_PROFILE = "1C109C3B-0568-4551-99C5-F465E1A88B7E";
				SWIFT_OBJC_BRIDGING_HEADER = PubNubAPNsTutorial/BridgingHeader.h;
				VALID_ARCHS = "armv7 armv7s arm64";
			};
			name = Release;
		};
		3D1A5835195CC05D00D13708 /* Debug */ = {
			isa = XCBuildConfiguration;
			buildSettings = {
				BUNDLE_LOADER = "$(BUILT_PRODUCTS_DIR)/PubNub Data Stream Tutorial.app/PubNub Data Stream Tutorial";
				FRAMEWORK_SEARCH_PATHS = (
					"$(SDKROOT)/Developer/Library/Frameworks",
					"$(inherited)",
				);
				GCC_PREPROCESSOR_DEFINITIONS = (
					"DEBUG=1",
					"$(inherited)",
				);
				INFOPLIST_FILE = "PubNub Data Stream TutorialTests/Info.plist";
				LD_RUNPATH_SEARCH_PATHS = "$(inherited) @executable_path/Frameworks @loader_path/Frameworks";
				METAL_ENABLE_DEBUG_INFO = YES;
				PRODUCT_NAME = PubNubAPNsTutorialTests;
				TEST_HOST = "$(BUNDLE_LOADER)";
			};
			name = Debug;
		};
		3D1A5836195CC05D00D13708 /* Release */ = {
			isa = XCBuildConfiguration;
			buildSettings = {
				BUNDLE_LOADER = "$(BUILT_PRODUCTS_DIR)/PubNub Data Stream Tutorial.app/PubNub Data Stream Tutorial";
				FRAMEWORK_SEARCH_PATHS = (
					"$(SDKROOT)/Developer/Library/Frameworks",
					"$(inherited)",
				);
				INFOPLIST_FILE = "PubNub Data Stream TutorialTests/Info.plist";
				LD_RUNPATH_SEARCH_PATHS = "$(inherited) @executable_path/Frameworks @loader_path/Frameworks";
				METAL_ENABLE_DEBUG_INFO = NO;
				PRODUCT_NAME = PubNubAPNsTutorialTests;
				TEST_HOST = "$(BUNDLE_LOADER)";
			};
			name = Release;
		};
/* End XCBuildConfiguration section */

/* Begin XCConfigurationList section */
		3D1A5810195CC05D00D13708 /* Build configuration list for PBXProject "PubNubAPNsTutorial" */ = {
			isa = XCConfigurationList;
			buildConfigurations = (
				3D1A582F195CC05D00D13708 /* Debug */,
				3D1A5830195CC05D00D13708 /* Release */,
			);
			defaultConfigurationIsVisible = 0;
			defaultConfigurationName = Release;
		};
		3D1A5831195CC05D00D13708 /* Build configuration list for PBXNativeTarget "PubNubAPNsTutorial" */ = {
			isa = XCConfigurationList;
			buildConfigurations = (
				3D1A5832195CC05D00D13708 /* Debug */,
				3D1A5833195CC05D00D13708 /* Release */,
			);
			defaultConfigurationIsVisible = 0;
			defaultConfigurationName = Release;
		};
		3D1A5834195CC05D00D13708 /* Build configuration list for PBXNativeTarget "PubNubAPNsTutorialTests" */ = {
			isa = XCConfigurationList;
			buildConfigurations = (
				3D1A5835195CC05D00D13708 /* Debug */,
				3D1A5836195CC05D00D13708 /* Release */,
			);
			defaultConfigurationIsVisible = 0;
			defaultConfigurationName = Release;
		};
/* End XCConfigurationList section */
	};
	rootObject = 3D1A580D195CC05D00D13708 /* Project object */;
}
